
Microsoft Visual Studio Solution File, Format Version 12.00
# Visual Studio Version 17
VisualStudioVersion = 17.13.35931.197 d17.13
MinimumVisualStudioVersion = 10.0.40219.1
Project("{FAE04EC0-301F-11D3-BF4B-00C04F79EFBC}") = "Konfigo", "Konfigo.csproj", "{4485B5EA-408A-4E2A-A356-3D009BA8ABB6}"
EndProject
Global
	GlobalSection(SolutionConfigurationPlatforms) = preSolution
		Debug|Any CPU = Debug|Any CPU
		Release|Any CPU = Release|Any CPU
	EndGlobalSection
	GlobalSection(ProjectConfigurationPlatforms) = postSolution
		{4485B5EA-408A-4E2A-A356-3D009BA8ABB6}.Debug|Any CPU.ActiveCfg = Debug|Any CPU
		{4485B5EA-408A-4E2A-A356-3D009BA8ABB6}.Debug|Any CPU.Build.0 = Debug|Any CPU
		{4485B5EA-408A-4E2A-A356-3D009BA8ABB6}.Release|Any CPU.ActiveCfg = Release|Any CPU
		{4485B5EA-408A-4E2A-A356-3D009BA8ABB6}.Release|Any CPU.Build.0 = Release|Any CPU
	EndGlobalSection
	GlobalSection(SolutionProperties) = preSolution
		HideSolutionNode = FALSE
	EndGlobalSection
	GlobalSection(ExtensibilityGlobals) = postSolution
		SolutionGuid = {58173ACD-60BC-4450-9CB4-72E2B34F4EC6}
	EndGlobalSection
EndGlobal
